
Microsoft Visual Studio Solution File, Format Version 12.00
# Visual Studio 15
VisualStudioVersion = 15.0.27428.2011
MinimumVisualStudioVersion = 10.0.40219.1
Project("{2150E333-8FDC-42A3-9474-1A3956D46DE8}") = "DB Scripts", "DB Scripts", "{3A03BA71-D17C-400A-8147-B5A3A97CC2F1}"
	ProjectSection(SolutionItems) = preProject
		TestDB.sql = TestDB.sql
	EndProjectSection
EndProject
Project("{2150E333-8FDC-42A3-9474-1A3956D46DE8}") = "src", "src", "{30523764-A7D9-4037-9DA5-7355C56C2761}"
EndProject
Project("{2150E333-8FDC-42A3-9474-1A3956D46DE8}") = "tests", "tests", "{7B17ACFF-BF87-47C8-8D2C-6E6100699F00}"
EndProject
Project("{FAE04EC0-301F-11D3-BF4B-00C04F79EFBC}") = "NCommon", "NCommon\src\NCommon.csproj", "{C853736D-3576-468A-A716-ACEC1CD4FAC1}"
EndProject
Project("{FAE04EC0-301F-11D3-BF4B-00C04F79EFBC}") = "NCommon.Tests", "NCommon\tests\NCommon.Tests.csproj", "{0F54234D-745A-46F3-B813-ED99C1498633}"
EndProject
Project("{2150E333-8FDC-42A3-9474-1A3956D46DE8}") = "ContainerAdapters", "ContainerAdapters", "{DA9D4F8A-A031-4DB8-9039-33FEDE673DC4}"
EndProject
Project("{FAE04EC0-301F-11D3-BF4B-00C04F79EFBC}") = "NCommon.ContainerAdapter.StructureMap", "NCommon.ContainerAdapters\NCommon.ContainerAdapter.StructureMap\NCommon.ContainerAdapter.StructureMap.csproj", "{6C81E97F-D2F6-4306-AC65-5486F6F0E7B6}"
EndProject
Project("{2150E333-8FDC-42A3-9474-1A3956D46DE8}") = "build", "build", "{0BE80468-0F10-4A54-8174-57D5384A2590}"
	ProjectSection(SolutionItems) = preProject
		default.ps1 = default.ps1
		NCommon.build = NCommon.build
	EndProjectSection
EndProject
Project("{FAE04EC0-301F-11D3-BF4B-00C04F79EFBC}") = "NCommon.Testing", "NCommon.Testing\NCommon.Testing.csproj", "{AC96FD87-C53C-4833-8DD8-4774E36F0E4A}"
EndProject
Global
	GlobalSection(SolutionConfigurationPlatforms) = preSolution
		Debug|Any CPU = Debug|Any CPU
		Release|Any CPU = Release|Any CPU
	EndGlobalSection
	GlobalSection(ProjectConfigurationPlatforms) = postSolution
		{C853736D-3576-468A-A716-ACEC1CD4FAC1}.Debug|Any CPU.ActiveCfg = Debug|Any CPU
		{C853736D-3576-468A-A716-ACEC1CD4FAC1}.Debug|Any CPU.Build.0 = Debug|Any CPU
		{C853736D-3576-468A-A716-ACEC1CD4FAC1}.Release|Any CPU.ActiveCfg = Release|Any CPU
		{C853736D-3576-468A-A716-ACEC1CD4FAC1}.Release|Any CPU.Build.0 = Release|Any CPU
		{0F54234D-745A-46F3-B813-ED99C1498633}.Debug|Any CPU.ActiveCfg = Debug|Any CPU
		{0F54234D-745A-46F3-B813-ED99C1498633}.Debug|Any CPU.Build.0 = Debug|Any CPU
		{0F54234D-745A-46F3-B813-ED99C1498633}.Release|Any CPU.ActiveCfg = Release|Any CPU
		{0F54234D-745A-46F3-B813-ED99C1498633}.Release|Any CPU.Build.0 = Release|Any CPU
		{6C81E97F-D2F6-4306-AC65-5486F6F0E7B6}.Debug|Any CPU.ActiveCfg = Debug|Any CPU
		{6C81E97F-D2F6-4306-AC65-5486F6F0E7B6}.Debug|Any CPU.Build.0 = Debug|Any CPU
		{6C81E97F-D2F6-4306-AC65-5486F6F0E7B6}.Release|Any CPU.ActiveCfg = Release|Any CPU
		{6C81E97F-D2F6-4306-AC65-5486F6F0E7B6}.Release|Any CPU.Build.0 = Release|Any CPU
		{AC96FD87-C53C-4833-8DD8-4774E36F0E4A}.Debug|Any CPU.ActiveCfg = Debug|Any CPU
		{AC96FD87-C53C-4833-8DD8-4774E36F0E4A}.Debug|Any CPU.Build.0 = Debug|Any CPU
		{AC96FD87-C53C-4833-8DD8-4774E36F0E4A}.Release|Any CPU.ActiveCfg = Release|Any CPU
		{AC96FD87-C53C-4833-8DD8-4774E36F0E4A}.Release|Any CPU.Build.0 = Release|Any CPU
	EndGlobalSection
	GlobalSection(SolutionProperties) = preSolution
		HideSolutionNode = FALSE
	EndGlobalSection
	GlobalSection(NestedProjects) = preSolution
		{3A03BA71-D17C-400A-8147-B5A3A97CC2F1} = {7B17ACFF-BF87-47C8-8D2C-6E6100699F00}
		{C853736D-3576-468A-A716-ACEC1CD4FAC1} = {30523764-A7D9-4037-9DA5-7355C56C2761}
		{0F54234D-745A-46F3-B813-ED99C1498633} = {7B17ACFF-BF87-47C8-8D2C-6E6100699F00}
		{DA9D4F8A-A031-4DB8-9039-33FEDE673DC4} = {30523764-A7D9-4037-9DA5-7355C56C2761}
		{6C81E97F-D2F6-4306-AC65-5486F6F0E7B6} = {DA9D4F8A-A031-4DB8-9039-33FEDE673DC4}
		{AC96FD87-C53C-4833-8DD8-4774E36F0E4A} = {7B17ACFF-BF87-47C8-8D2C-6E6100699F00}
	EndGlobalSection
	GlobalSection(ExtensibilityGlobals) = postSolution
		EnterpriseLibraryConfigurationToolBinariesPath = packages\Unity.2.1.505.0\lib\NET35
		VisualSVNWorkingCopyRoot = .
		SolutionGuid = {8CFAAAC8-0DCE-4F00-A3F4-E301FA2AC394}
	EndGlobalSection
EndGlobal
